{
    "_readme": [
        "This file locks the dependencies of your project to a known state",
        "Read more about it at https://getcomposer.org/doc/01-basic-usage.md#installing-dependencies",
        "This file is @generated automatically"
    ],
    "content-hash": "1fe782d4b2dee2b73720089094cf904f",
    "packages": [
        {
            "name": "paypal/rest-api-sdk-php",
            "version": "dev-master",
            "source": {
                "type": "git",
                "url": "https://github.com/paypal/PayPal-PHP-SDK.git",
                "reference": "2f353688b4de3859b49ae74fa7c798dfb3b6baab"
            },
            "dist": {
                "type": "zip",
                "url": "https://api.github.com/repos/paypal/PayPal-PHP-SDK/zipball/2f353688b4de3859b49ae74fa7c798dfb3b6baab",
                "reference": "2f353688b4de3859b49ae74fa7c798dfb3b6baab",
                "shasum": ""
            },
            "require": {
                "ext-curl": "*",
                "ext-json": "*",
                "php": ">=5.3.0",
                "psr/log": "^1.0.0"
            },
            "require-dev": {
                "phpunit/phpunit": "^4.8.35"
            },
            "type": "library",
            "autoload": {
                "psr-0": {
                    "PayPal": "lib/"
                }
            },
            "notification-url": "https://packagist.org/downloads/",
            "license": [
                "Apache-2.0"
            ],
            "authors": [
                {
                    "name": "PayPal",
                    "homepage": "https://github.com/paypal/rest-api-sdk-php/contributors"
                }
            ],
            "description": "PayPal's PHP SDK for REST APIs",
            "homepage": "http://paypal.github.io/PayPal-PHP-SDK/",
            "keywords": [
                "payments",
                "paypal",
                "rest",
                "sdk"
            ],
            "time": "2019-10-15T18:00:16+00:00"
        },
        {
            "name": "psr/log",
            "version": "dev-master",
            "source": {
                "type": "git",
                "url": "https://github.com/php-fig/log.git",
                "reference": "5628725d0e4d687e29575eb41f9d5ee7de33a84c"
            },
            "dist": {
                "type": "zip",
                "url": "https://api.github.com/repos/php-fig/log/zipball/5628725d0e4d687e29575eb41f9d5ee7de33a84c",
                "reference": "5628725d0e4d687e29575eb41f9d5ee7de33a84c",
                "shasum": ""
            },
            "require": {
                "php": ">=5.3.0"
            },
            "type": "library",
            "extra": {
                "branch-alias": {
                    "dev-master": "1.1.x-dev"
                }
            },
            "autoload": {
                "psr-4": {
                    "Psr\\Log\\": "Psr/Log/"
                }
            },
            "notification-url": "https://packagist.org/downloads/",
            "license": [
                "MIT"
            ],
            "authors": [
                {
                    "name": "PHP-FIG",
                    "homepage": "http://www.php-fig.org/"
                }
            ],
            "description": "Common interface for logging libraries",
            "homepage": "https://github.com/php-fig/log",
            "keywords": [
                "log",
                "psr",
                "psr-3"
            ],
            "time": "2019-11-12T16:45:05+00:00"
        }
    ],
    "packages-dev": [],
    "aliases": [],
    "minimum-stability": "dev",
    "stability-flags": [],
    "prefer-stable": false,
    "prefer-lowest": false,
    "platform": [],
    "platform-dev": []
}
